// !$*UTF8*$!
{
	archiveVersion = 1;
	classes = {
	};
	objectVersion = 46;
	objects = {

/* Begin PBXBuildFile section */
		3A0659461DCD0C2C00CDAE16 /* Movie.swift in Sources */ = {isa = PBXBuildFile; fileRef = 3A0659451DCD0C2C00CDAE16 /* Movie.swift */; };
		3AA371D120674C7400FBB61C /* UICollectionView+Extensions.swift in Sources */ = {isa = PBXBuildFile; fileRef = 3AA371D020674C7400FBB61C /* UICollectionView+Extensions.swift */; };
		3AA371DA2067EB7400FBB61C /* CodeChallengeTests.swift in Sources */ = {isa = PBXBuildFile; fileRef = 3AA371D92067EB7400FBB61C /* CodeChallengeTests.swift */; };
		3AA371FE2068494600FBB61C /* poster.jpg in Resources */ = {isa = PBXBuildFile; fileRef = 3AA371FD2068494600FBB61C /* poster.jpg */; };
		3ACB49F01DC2298D00C873DB /* AppDelegate.swift in Sources */ = {isa = PBXBuildFile; fileRef = 3ACB49EF1DC2298D00C873DB /* AppDelegate.swift */; };
		3ACB49F21DC2298D00C873DB /* UpcomingMoviesViewController.swift in Sources */ = {isa = PBXBuildFile; fileRef = 3ACB49F11DC2298D00C873DB /* UpcomingMoviesViewController.swift */; };
		3ACB49F71DC2298D00C873DB /* Assets.xcassets in Resources */ = {isa = PBXBuildFile; fileRef = 3ACB49F61DC2298D00C873DB /* Assets.xcassets */; };
		3ACB49FA1DC2298D00C873DB /* LaunchScreen.storyboard in Resources */ = {isa = PBXBuildFile; fileRef = 3ACB49F81DC2298D00C873DB /* LaunchScreen.storyboard */; };
		3ACC8D1A205DD34B0063B617 /* UIImageView+Extensions.swift in Sources */ = {isa = PBXBuildFile; fileRef = 3ACC8D19205DD34B0063B617 /* UIImageView+Extensions.swift */; };
		3ACC946B1DC7E4DA001534ED /* TMDBModel.swift in Sources */ = {isa = PBXBuildFile; fileRef = 3ACC946A1DC7E4DA001534ED /* TMDBModel.swift */; };
		3AE873CE20896182007C9688 /* Constants.swift in Sources */ = {isa = PBXBuildFile; fileRef = 3AE873CD20896182007C9688 /* Constants.swift */; };
		3AE9EE301DD3B75A00193D01 /* UpcomingMovieCell.swift in Sources */ = {isa = PBXBuildFile; fileRef = 3AE9EE2F1DD3B75A00193D01 /* UpcomingMovieCell.swift */; };
		3AEBC624205E0DBF005B747A /* upcoming_page_1.json in Resources */ = {isa = PBXBuildFile; fileRef = 3AEBC623205E0DBF005B747A /* upcoming_page_1.json */; };
		74F8FF13BE2B62EC9BF7DB5E /* Pods_CodeChallenge.framework in Frameworks */ = {isa = PBXBuildFile; fileRef = 9F1D137FAF652AB65EF5523A /* Pods_CodeChallenge.framework */; };
		87915D9F9625FC6CB46A29D1 /* Pods_CodeChallengeTests.framework in Frameworks */ = {isa = PBXBuildFile; fileRef = 74EC95013439B12B6CEBEC03 /* Pods_CodeChallengeTests.framework */; };
/* End PBXBuildFile section */

/* Begin PBXContainerItemProxy section */
		3AA371DC2067EB7400FBB61C /* PBXContainerItemProxy */ = {
			isa = PBXContainerItemProxy;
			containerPortal = 3ACB49E41DC2298D00C873DB /* Project object */;
			proxyType = 1;
			remoteGlobalIDString = 3ACB49EB1DC2298D00C873DB;
			remoteInfo = CodeChallenge;
		};
/* End PBXContainerItemProxy section */

/* Begin PBXFileReference section */
		08FB31B1F32134A8A1265E41 /* Pods-CodeChallengeTests.release.xcconfig */ = {isa = PBXFileReference; includeInIndex = 1; lastKnownFileType = text.xcconfig; name = "Pods-CodeChallengeTests.release.xcconfig"; path = "Pods/Target Support Files/Pods-CodeChallengeTests/Pods-CodeChallengeTests.release.xcconfig"; sourceTree = "<group>"; };
		1168452D94A70610DE3224EA /* Pods-CodeChallengeTests.debug.xcconfig */ = {isa = PBXFileReference; includeInIndex = 1; lastKnownFileType = text.xcconfig; name = "Pods-CodeChallengeTests.debug.xcconfig"; path = "Pods/Target Support Files/Pods-CodeChallengeTests/Pods-CodeChallengeTests.debug.xcconfig"; sourceTree = "<group>"; };
		3A0659451DCD0C2C00CDAE16 /* Movie.swift */ = {isa = PBXFileReference; fileEncoding = 4; lastKnownFileType = sourcecode.swift; path = Movie.swift; sourceTree = "<group>"; };
		3AA371D020674C7400FBB61C /* UICollectionView+Extensions.swift */ = {isa = PBXFileReference; fileEncoding = 4; lastKnownFileType = sourcecode.swift; path = "UICollectionView+Extensions.swift"; sourceTree = "<group>"; };
		3AA371D72067EB7400FBB61C /* CodeChallengeTests.xctest */ = {isa = PBXFileReference; explicitFileType = wrapper.cfbundle; includeInIndex = 0; path = CodeChallengeTests.xctest; sourceTree = BUILT_PRODUCTS_DIR; };
		3AA371D92067EB7400FBB61C /* CodeChallengeTests.swift */ = {isa = PBXFileReference; lastKnownFileType = sourcecode.swift; path = CodeChallengeTests.swift; sourceTree = "<group>"; };
		3AA371DB2067EB7400FBB61C /* Info.plist */ = {isa = PBXFileReference; lastKnownFileType = text.plist.xml; path = Info.plist; sourceTree = "<group>"; };
		3AA371FD2068494600FBB61C /* poster.jpg */ = {isa = PBXFileReference; lastKnownFileType = image.jpeg; path = poster.jpg; sourceTree = "<group>"; };
		3ACB49EC1DC2298D00C873DB /* CodeChallenge.app */ = {isa = PBXFileReference; explicitFileType = wrapper.application; includeInIndex = 0; path = CodeChallenge.app; sourceTree = BUILT_PRODUCTS_DIR; };
		3ACB49EF1DC2298D00C873DB /* AppDelegate.swift */ = {isa = PBXFileReference; lastKnownFileType = sourcecode.swift; path = AppDelegate.swift; sourceTree = "<group>"; };
		3ACB49F11DC2298D00C873DB /* UpcomingMoviesViewController.swift */ = {isa = PBXFileReference; lastKnownFileType = sourcecode.swift; path = UpcomingMoviesViewController.swift; sourceTree = "<group>"; };
		3ACB49F61DC2298D00C873DB /* Assets.xcassets */ = {isa = PBXFileReference; lastKnownFileType = folder.assetcatalog; path = Assets.xcassets; sourceTree = "<group>"; };
		3ACB49F91DC2298D00C873DB /* Base */ = {isa = PBXFileReference; lastKnownFileType = file.storyboard; name = Base; path = Base.lproj/LaunchScreen.storyboard; sourceTree = "<group>"; };
		3ACB49FB1DC2298D00C873DB /* Info.plist */ = {isa = PBXFileReference; lastKnownFileType = text.plist.xml; path = Info.plist; sourceTree = "<group>"; };
		3ACC8D19205DD34B0063B617 /* UIImageView+Extensions.swift */ = {isa = PBXFileReference; lastKnownFileType = sourcecode.swift; path = "UIImageView+Extensions.swift"; sourceTree = "<group>"; };
		3ACC946A1DC7E4DA001534ED /* TMDBModel.swift */ = {isa = PBXFileReference; fileEncoding = 4; lastKnownFileType = sourcecode.swift; path = TMDBModel.swift; sourceTree = "<group>"; };
		3AE873CD20896182007C9688 /* Constants.swift */ = {isa = PBXFileReference; lastKnownFileType = sourcecode.swift; path = Constants.swift; sourceTree = "<group>"; };
		3AE9EE2F1DD3B75A00193D01 /* UpcomingMovieCell.swift */ = {isa = PBXFileReference; fileEncoding = 4; lastKnownFileType = sourcecode.swift; path = UpcomingMovieCell.swift; sourceTree = "<group>"; };
		3AEBC623205E0DBF005B747A /* upcoming_page_1.json */ = {isa = PBXFileReference; fileEncoding = 4; lastKnownFileType = text.json; path = upcoming_page_1.json; sourceTree = "<group>"; };
		74EC95013439B12B6CEBEC03 /* Pods_CodeChallengeTests.framework */ = {isa = PBXFileReference; explicitFileType = wrapper.framework; includeInIndex = 0; path = Pods_CodeChallengeTests.framework; sourceTree = BUILT_PRODUCTS_DIR; };
		9F1D137FAF652AB65EF5523A /* Pods_CodeChallenge.framework */ = {isa = PBXFileReference; explicitFileType = wrapper.framework; includeInIndex = 0; path = Pods_CodeChallenge.framework; sourceTree = BUILT_PRODUCTS_DIR; };
		D91F5D95979473A9BAD6EC9E /* Pods-CodeChallenge.debug.xcconfig */ = {isa = PBXFileReference; includeInIndex = 1; lastKnownFileType = text.xcconfig; name = "Pods-CodeChallenge.debug.xcconfig"; path = "Pods/Target Support Files/Pods-CodeChallenge/Pods-CodeChallenge.debug.xcconfig"; sourceTree = "<group>"; };
		EA2DBD68FFDC6A0D67B024CE /* Pods-CodeChallenge.release.xcconfig */ = {isa = PBXFileReference; includeInIndex = 1; lastKnownFileType = text.xcconfig; name = "Pods-CodeChallenge.release.xcconfig"; path = "Pods/Target Support Files/Pods-CodeChallenge/Pods-CodeChallenge.release.xcconfig"; sourceTree = "<group>"; };
/* End PBXFileReference section */

/* Begin PBXFrameworksBuildPhase section */
		3AA371D42067EB7400FBB61C /* Frameworks */ = {
			isa = PBXFrameworksBuildPhase;
			buildActionMask = 2147483647;
			files = (
				87915D9F9625FC6CB46A29D1 /* Pods_CodeChallengeTests.framework in Frameworks */,
			);
			runOnlyForDeploymentPostprocessing = 0;
		};
		3ACB49E91DC2298D00C873DB /* Frameworks */ = {
			isa = PBXFrameworksBuildPhase;
			buildActionMask = 2147483647;
			files = (
				74F8FF13BE2B62EC9BF7DB5E /* Pods_CodeChallenge.framework in Frameworks */,
			);
			runOnlyForDeploymentPostprocessing = 0;
		};
/* End PBXFrameworksBuildPhase section */

/* Begin PBXGroup section */
		3AA371D82067EB7400FBB61C /* CodeChallengeTests */ = {
			isa = PBXGroup;
			children = (
				3AA371D92067EB7400FBB61C /* CodeChallengeTests.swift */,
				3AA371DB2067EB7400FBB61C /* Info.plist */,
			);
			path = CodeChallengeTests;
			sourceTree = "<group>";
		};
		3ACB49E31DC2298D00C873DB = {
			isa = PBXGroup;
			children = (
				3ACB49EE1DC2298D00C873DB /* CodeChallenge */,
				3AA371D82067EB7400FBB61C /* CodeChallengeTests */,
				3ACB49ED1DC2298D00C873DB /* Products */,
				A58254BEC683A89621454738 /* Pods */,
				DCD5F524DA64C5CA2AAC68DE /* Frameworks */,
			);
			sourceTree = "<group>";
		};
		3ACB49ED1DC2298D00C873DB /* Products */ = {
			isa = PBXGroup;
			children = (
				3ACB49EC1DC2298D00C873DB /* CodeChallenge.app */,
				3AA371D72067EB7400FBB61C /* CodeChallengeTests.xctest */,
			);
			name = Products;
			sourceTree = "<group>";
		};
		3ACB49EE1DC2298D00C873DB /* CodeChallenge */ = {
			isa = PBXGroup;
			children = (
				3ACB49EF1DC2298D00C873DB /* AppDelegate.swift */,
				3AE873CD20896182007C9688 /* Constants.swift */,
				3A0659451DCD0C2C00CDAE16 /* Movie.swift */,
				3ACC946A1DC7E4DA001534ED /* TMDBModel.swift */,
				3AEBC622205E0D9E005B747A /* Samples */,
				3AE9EE311DD3B76000193D01 /* UI */,
				3ACB49F61DC2298D00C873DB /* Assets.xcassets */,
				3ACB49F81DC2298D00C873DB /* LaunchScreen.storyboard */,
				3ACB49FB1DC2298D00C873DB /* Info.plist */,
			);
			path = CodeChallenge;
			sourceTree = "<group>";
		};
		3ACC8D1B205DD3750063B617 /* Extensions */ = {
			isa = PBXGroup;
			children = (
				3AA371D020674C7400FBB61C /* UICollectionView+Extensions.swift */,
				3ACC8D19205DD34B0063B617 /* UIImageView+Extensions.swift */,
			);
			name = Extensions;
			sourceTree = "<group>";
		};
		3AE9EE311DD3B76000193D01 /* UI */ = {
			isa = PBXGroup;
			children = (
				3ACC8D1B205DD3750063B617 /* Extensions */,
				3AE9EE2F1DD3B75A00193D01 /* UpcomingMovieCell.swift */,
				3ACB49F11DC2298D00C873DB /* UpcomingMoviesViewController.swift */,
			);
			name = UI;
			sourceTree = "<group>";
		};
		3AEBC622205E0D9E005B747A /* Samples */ = {
			isa = PBXGroup;
			children = (
				3AA371FD2068494600FBB61C /* poster.jpg */,
				3AEBC623205E0DBF005B747A /* upcoming_page_1.json */,
			);
			path = Samples;
			sourceTree = "<group>";
		};
		A58254BEC683A89621454738 /* Pods */ = {
			isa = PBXGroup;
			children = (
				D91F5D95979473A9BAD6EC9E /* Pods-CodeChallenge.debug.xcconfig */,
				EA2DBD68FFDC6A0D67B024CE /* Pods-CodeChallenge.release.xcconfig */,
				1168452D94A70610DE3224EA /* Pods-CodeChallengeTests.debug.xcconfig */,
				08FB31B1F32134A8A1265E41 /* Pods-CodeChallengeTests.release.xcconfig */,
			);
			name = Pods;
			sourceTree = "<group>";
		};
		DCD5F524DA64C5CA2AAC68DE /* Frameworks */ = {
			isa = PBXGroup;
			children = (
				9F1D137FAF652AB65EF5523A /* Pods_CodeChallenge.framework */,
				74EC95013439B12B6CEBEC03 /* Pods_CodeChallengeTests.framework */,
			);
			name = Frameworks;
			sourceTree = "<group>";
		};
/* End PBXGroup section */

/* Begin PBXNativeTarget section */
		3AA371D62067EB7400FBB61C /* CodeChallengeTests */ = {
			isa = PBXNativeTarget;
			buildConfigurationList = 3AA371E02067EB7400FBB61C /* Build configuration list for PBXNativeTarget "CodeChallengeTests" */;
			buildPhases = (
				FB517C87A05FAAA266FBA768 /* [CP] Check Pods Manifest.lock */,
				3AA371D32067EB7400FBB61C /* Sources */,
				3AA371D42067EB7400FBB61C /* Frameworks */,
				3AA371D52067EB7400FBB61C /* Resources */,
				39829955F42B118AB29ACA20 /* [CP] Embed Pods Frameworks */,
				B522AB29DDA5B0D667452688 /* [CP] Copy Pods Resources */,
			);
			buildRules = (
			);
			dependencies = (
				3AA371DD2067EB7400FBB61C /* PBXTargetDependency */,
			);
			name = CodeChallengeTests;
			productName = CodeChallengeTests;
			productReference = 3AA371D72067EB7400FBB61C /* CodeChallengeTests.xctest */;
			productType = "com.apple.product-type.bundle.unit-test";
		};
		3ACB49EB1DC2298D00C873DB /* CodeChallenge */ = {
			isa = PBXNativeTarget;
			buildConfigurationList = 3ACB49FE1DC2298D00C873DB /* Build configuration list for PBXNativeTarget "CodeChallenge" */;
			buildPhases = (
				71EFBB2F5D08BDE5FA264344 /* [CP] Check Pods Manifest.lock */,
				3ACB49E81DC2298D00C873DB /* Sources */,
				3ACB49E91DC2298D00C873DB /* Frameworks */,
				3ACB49EA1DC2298D00C873DB /* Resources */,
				43E20A466A19F61C262F1FED /* [CP] Embed Pods Frameworks */,
				B960ED3D133F789B0B75AA73 /* [CP] Copy Pods Resources */,
			);
			buildRules = (
			);
			dependencies = (
			);
			name = CodeChallenge;
			productName = CodeChallenge;
			productReference = 3ACB49EC1DC2298D00C873DB /* CodeChallenge.app */;
			productType = "com.apple.product-type.application";
		};
/* End PBXNativeTarget section */

/* Begin PBXProject section */
		3ACB49E41DC2298D00C873DB /* Project object */ = {
			isa = PBXProject;
			attributes = {
				LastSwiftUpdateCheck = 0920;
				LastUpgradeCheck = 0920;
				TargetAttributes = {
					3AA371D62067EB7400FBB61C = {
						CreatedOnToolsVersion = 9.2;
						DevelopmentTeam = 5HMJW6N276;
						LastSwiftMigration = 0920;
						ProvisioningStyle = Automatic;
						TestTargetID = 3ACB49EB1DC2298D00C873DB;
					};
					3ACB49EB1DC2298D00C873DB = {
						CreatedOnToolsVersion = 8.1;
						LastSwiftMigration = 0920;
						ProvisioningStyle = Manual;
					};
				};
			};
			buildConfigurationList = 3ACB49E71DC2298D00C873DB /* Build configuration list for PBXProject "CodeChallenge" */;
			compatibilityVersion = "Xcode 3.2";
			developmentRegion = English;
			hasScannedForEncodings = 0;
			knownRegions = (
				en,
				Base,
			);
			mainGroup = 3ACB49E31DC2298D00C873DB;
			productRefGroup = 3ACB49ED1DC2298D00C873DB /* Products */;
			projectDirPath = "";
			projectRoot = "";
			targets = (
				3ACB49EB1DC2298D00C873DB /* CodeChallenge */,
				3AA371D62067EB7400FBB61C /* CodeChallengeTests */,
			);
		};
/* End PBXProject section */

/* Begin PBXResourcesBuildPhase section */
		3AA371D52067EB7400FBB61C /* Resources */ = {
			isa = PBXResourcesBuildPhase;
			buildActionMask = 2147483647;
			files = (
			);
			runOnlyForDeploymentPostprocessing = 0;
		};
		3ACB49EA1DC2298D00C873DB /* Resources */ = {
			isa = PBXResourcesBuildPhase;
			buildActionMask = 2147483647;
			files = (
				3ACB49FA1DC2298D00C873DB /* LaunchScreen.storyboard in Resources */,
				3ACB49F71DC2298D00C873DB /* Assets.xcassets in Resources */,
				3AA371FE2068494600FBB61C /* poster.jpg in Resources */,
				3AEBC624205E0DBF005B747A /* upcoming_page_1.json in Resources */,
			);
			runOnlyForDeploymentPostprocessing = 0;
		};
/* End PBXResourcesBuildPhase section */

/* Begin PBXShellScriptBuildPhase section */
		39829955F42B118AB29ACA20 /* [CP] Embed Pods Frameworks */ = {
			isa = PBXShellScriptBuildPhase;
			buildActionMask = 2147483647;
			files = (
			);
			inputPaths = (
				"${SRCROOT}/Pods/Target Support Files/Pods-CodeChallengeTests/Pods-CodeChallengeTests-frameworks.sh",
				"${BUILT_PRODUCTS_DIR}/Alamofire/Alamofire.framework",
				"${BUILT_PRODUCTS_DIR}/Moya/Moya.framework",
				"${BUILT_PRODUCTS_DIR}/Result/Result.framework",
				"${BUILT_PRODUCTS_DIR}/RxCocoa/RxCocoa.framework",
				"${BUILT_PRODUCTS_DIR}/RxSwift/RxSwift.framework",
			);
			name = "[CP] Embed Pods Frameworks";
			outputPaths = (
				"${TARGET_BUILD_DIR}/${FRAMEWORKS_FOLDER_PATH}/Alamofire.framework",
				"${TARGET_BUILD_DIR}/${FRAMEWORKS_FOLDER_PATH}/Moya.framework",
				"${TARGET_BUILD_DIR}/${FRAMEWORKS_FOLDER_PATH}/Result.framework",
				"${TARGET_BUILD_DIR}/${FRAMEWORKS_FOLDER_PATH}/RxCocoa.framework",
				"${TARGET_BUILD_DIR}/${FRAMEWORKS_FOLDER_PATH}/RxSwift.framework",
			);
			runOnlyForDeploymentPostprocessing = 0;
			shellPath = /bin/sh;
			shellScript = "\"${SRCROOT}/Pods/Target Support Files/Pods-CodeChallengeTests/Pods-CodeChallengeTests-frameworks.sh\"\n";
			showEnvVarsInLog = 0;
		};
		43E20A466A19F61C262F1FED /* [CP] Embed Pods Frameworks */ = {
			isa = PBXShellScriptBuildPhase;
			buildActionMask = 2147483647;
			files = (
			);
			inputPaths = (
				"${SRCROOT}/Pods/Target Support Files/Pods-CodeChallenge/Pods-CodeChallenge-frameworks.sh",
				"${BUILT_PRODUCTS_DIR}/Alamofire/Alamofire.framework",
				"${BUILT_PRODUCTS_DIR}/Moya/Moya.framework",
				"${BUILT_PRODUCTS_DIR}/Result/Result.framework",
				"${BUILT_PRODUCTS_DIR}/RxCocoa/RxCocoa.framework",
				"${BUILT_PRODUCTS_DIR}/RxSwift/RxSwift.framework",
			);
			name = "[CP] Embed Pods Frameworks";
			outputPaths = (
				"${TARGET_BUILD_DIR}/${FRAMEWORKS_FOLDER_PATH}/Alamofire.framework",
				"${TARGET_BUILD_DIR}/${FRAMEWORKS_FOLDER_PATH}/Moya.framework",
				"${TARGET_BUILD_DIR}/${FRAMEWORKS_FOLDER_PATH}/Result.framework",
				"${TARGET_BUILD_DIR}/${FRAMEWORKS_FOLDER_PATH}/RxCocoa.framework",
				"${TARGET_BUILD_DIR}/${FRAMEWORKS_FOLDER_PATH}/RxSwift.framework",
			);
			runOnlyForDeploymentPostprocessing = 0;
			shellPath = /bin/sh;
			shellScript = "\"${SRCROOT}/Pods/Target Support Files/Pods-CodeChallenge/Pods-CodeChallenge-frameworks.sh\"\n";
			showEnvVarsInLog = 0;
		};
		71EFBB2F5D08BDE5FA264344 /* [CP] Check Pods Manifest.lock */ = {
			isa = PBXShellScriptBuildPhase;
			buildActionMask = 2147483647;
			files = (
			);
			inputPaths = (
				"${PODS_PODFILE_DIR_PATH}/Podfile.lock",
				"${PODS_ROOT}/Manifest.lock",
			);
			name = "[CP] Check Pods Manifest.lock";
			outputPaths = (
				"$(DERIVED_FILE_DIR)/Pods-CodeChallenge-checkManifestLockResult.txt",
			);
			runOnlyForDeploymentPostprocessing = 0;
			shellPath = /bin/sh;
			shellScript = "diff \"${PODS_PODFILE_DIR_PATH}/Podfile.lock\" \"${PODS_ROOT}/Manifest.lock\" > /dev/null\nif [ $? != 0 ] ; then\n    # print error to STDERR\n    echo \"error: The sandbox is not in sync with the Podfile.lock. Run 'pod install' or update your CocoaPods installation.\" >&2\n    exit 1\nfi\n# This output is used by Xcode 'outputs' to avoid re-running this script phase.\necho \"SUCCESS\" > \"${SCRIPT_OUTPUT_FILE_0}\"\n";
			showEnvVarsInLog = 0;
		};
		B522AB29DDA5B0D667452688 /* [CP] Copy Pods Resources */ = {
			isa = PBXShellScriptBuildPhase;
			buildActionMask = 2147483647;
			files = (
			);
			inputPaths = (
			);
			name = "[CP] Copy Pods Resources";
			outputPaths = (
			);
			runOnlyForDeploymentPostprocessing = 0;
			shellPath = /bin/sh;
			shellScript = "\"${SRCROOT}/Pods/Target Support Files/Pods-CodeChallengeTests/Pods-CodeChallengeTests-resources.sh\"\n";
			showEnvVarsInLog = 0;
		};
		B960ED3D133F789B0B75AA73 /* [CP] Copy Pods Resources */ = {
			isa = PBXShellScriptBuildPhase;
			buildActionMask = 2147483647;
			files = (
			);
			inputPaths = (
			);
			name = "[CP] Copy Pods Resources";
			outputPaths = (
			);
			runOnlyForDeploymentPostprocessing = 0;
			shellPath = /bin/sh;
			shellScript = "\"${SRCROOT}/Pods/Target Support Files/Pods-CodeChallenge/Pods-CodeChallenge-resources.sh\"\n";
			showEnvVarsInLog = 0;
		};
		FB517C87A05FAAA266FBA768 /* [CP] Check Pods Manifest.lock */ = {
			isa = PBXShellScriptBuildPhase;
			buildActionMask = 2147483647;
			files = (
			);
			inputPaths = (
				"${PODS_PODFILE_DIR_PATH}/Podfile.lock",
				"${PODS_ROOT}/Manifest.lock",
			);
			name = "[CP] Check Pods Manifest.lock";
			outputPaths = (
				"$(DERIVED_FILE_DIR)/Pods-CodeChallengeTests-checkManifestLockResult.txt",
			);
			runOnlyForDeploymentPostprocessing = 0;
			shellPath = /bin/sh;
			shellScript = "diff \"${PODS_PODFILE_DIR_PATH}/Podfile.lock\" \"${PODS_ROOT}/Manifest.lock\" > /dev/null\nif [ $? != 0 ] ; then\n    # print error to STDERR\n    echo \"error: The sandbox is not in sync with the Podfile.lock. Run 'pod install' or update your CocoaPods installation.\" >&2\n    exit 1\nfi\n# This output is used by Xcode 'outputs' to avoid re-running this script phase.\necho \"SUCCESS\" > \"${SCRIPT_OUTPUT_FILE_0}\"\n";
			showEnvVarsInLog = 0;
		};
/* End PBXShellScriptBuildPhase section */

/* Begin PBXSourcesBuildPhase section */
		3AA371D32067EB7400FBB61C /* Sources */ = {
			isa = PBXSourcesBuildPhase;
			buildActionMask = 2147483647;
			files = (
				3AA371DA2067EB7400FBB61C /* CodeChallengeTests.swift in Sources */,
			);
			runOnlyForDeploymentPostprocessing = 0;
		};
		3ACB49E81DC2298D00C873DB /* Sources */ = {
			isa = PBXSourcesBuildPhase;
			buildActionMask = 2147483647;
			files = (
				3ACB49F21DC2298D00C873DB /* UpcomingMoviesViewController.swift in Sources */,
				3AE873CE20896182007C9688 /* Constants.swift in Sources */,
				3ACC946B1DC7E4DA001534ED /* TMDBModel.swift in Sources */,
				3AA371D120674C7400FBB61C /* UICollectionView+Extensions.swift in Sources */,
				3ACB49F01DC2298D00C873DB /* AppDelegate.swift in Sources */,
				3AE9EE301DD3B75A00193D01 /* UpcomingMovieCell.swift in Sources */,
				3ACC8D1A205DD34B0063B617 /* UIImageView+Extensions.swift in Sources */,
				3A0659461DCD0C2C00CDAE16 /* Movie.swift in Sources */,
			);
			runOnlyForDeploymentPostprocessing = 0;
		};
/* End PBXSourcesBuildPhase section */

/* Begin PBXTargetDependency section */
		3AA371DD2067EB7400FBB61C /* PBXTargetDependency */ = {
			isa = PBXTargetDependency;
			target = 3ACB49EB1DC2298D00C873DB /* CodeChallenge */;
			targetProxy = 3AA371DC2067EB7400FBB61C /* PBXContainerItemProxy */;
		};
/* End PBXTargetDependency section */

/* Begin PBXVariantGroup section */
		3ACB49F81DC2298D00C873DB /* LaunchScreen.storyboard */ = {
			isa = PBXVariantGroup;
			children = (
				3ACB49F91DC2298D00C873DB /* Base */,
			);
			name = LaunchScreen.storyboard;
			sourceTree = "<group>";
		};
/* End PBXVariantGroup section */

/* Begin XCBuildConfiguration section */
		3AA371DE2067EB7400FBB61C /* Debug */ = {
			isa = XCBuildConfiguration;
			baseConfigurationReference = 1168452D94A70610DE3224EA /* Pods-CodeChallengeTests.debug.xcconfig */;
			buildSettings = {
				BUNDLE_LOADER = "$(TEST_HOST)";
				CLANG_ANALYZER_NUMBER_OBJECT_CONVERSION = YES_AGGRESSIVE;
				CLANG_CXX_LANGUAGE_STANDARD = "gnu++14";
				CLANG_WARN_BLOCK_CAPTURE_AUTORELEASING = YES;
				CLANG_WARN_COMMA = YES;
				CLANG_WARN_NON_LITERAL_NULL_CONVERSION = YES;
				CLANG_WARN_OBJC_LITERAL_CONVERSION = YES;
				CLANG_WARN_RANGE_LOOP_ANALYSIS = YES;
				CLANG_WARN_STRICT_PROTOTYPES = YES;
				CLANG_WARN_SUSPICIOUS_MOVE = YES;
				CLANG_WARN_UNGUARDED_AVAILABILITY = YES_AGGRESSIVE;
				CODE_SIGN_IDENTITY = "iPhone Developer";
				CODE_SIGN_STYLE = Automatic;
				DEVELOPMENT_TEAM = 5HMJW6N276;
				GCC_C_LANGUAGE_STANDARD = gnu11;
				INFOPLIST_FILE = CodeChallengeTests/Info.plist;
				IPHONEOS_DEPLOYMENT_TARGET = 11.2;
				LD_RUNPATH_SEARCH_PATHS = "$(inherited) @executable_path/Frameworks @loader_path/Frameworks";
				PRODUCT_BUNDLE_IDENTIFIER = com.xyz.CodeChallengeTests;
				PRODUCT_NAME = "$(TARGET_NAME)";
				SWIFT_SWIFT3_OBJC_INFERENCE = Default;
				SWIFT_VERSION = 4.0;
				TARGETED_DEVICE_FAMILY = "1,2";
				TEST_HOST = "$(BUILT_PRODUCTS_DIR)/CodeChallenge.app/CodeChallenge";
			};
			name = Debug;
		};
		3AA371DF2067EB7400FBB61C /* Release */ = {
			isa = XCBuildConfiguration;
			baseConfigurationReference = 08FB31B1F32134A8A1265E41 /* Pods-CodeChallengeTests.release.xcconfig */;
			buildSettings = {
				BUNDLE_LOADER = "$(TEST_HOST)";
				CLANG_ANALYZER_NUMBER_OBJECT_CONVERSION = YES_AGGRESSIVE;
				CLANG_CXX_LANGUAGE_STANDARD = "gnu++14";
				CLANG_WARN_BLOCK_CAPTURE_AUTORELEASING = YES;
				CLANG_WARN_COMMA = YES;
				CLANG_WARN_NON_LITERAL_NULL_CONVERSION = YES;
				CLANG_WARN_OBJC_LITERAL_CONVERSION = YES;
				CLANG_WARN_RANGE_LOOP_ANALYSIS = YES;
				CLANG_WARN_STRICT_PROTOTYPES = YES;
				CLANG_WARN_SUSPICIOUS_MOVE = YES;
				CLANG_WARN_UNGUARDED_AVAILABILITY = YES_AGGRESSIVE;
				CODE_SIGN_IDENTITY = "iPhone Developer";
				CODE_SIGN_STYLE = Automatic;
				DEVELOPMENT_TEAM = 5HMJW6N276;
				GCC_C_LANGUAGE_STANDARD = gnu11;
				INFOPLIST_FILE = CodeChallengeTests/Info.plist;
				IPHONEOS_DEPLOYMENT_TARGET = 11.2;
				LD_RUNPATH_SEARCH_PATHS = "$(inherited) @executable_path/Frameworks @loader_path/Frameworks";
				PRODUCT_BUNDLE_IDENTIFIER = com.xyz.CodeChallengeTests;
				PRODUCT_NAME = "$(TARGET_NAME)";
				SWIFT_SWIFT3_OBJC_INFERENCE = Default;
				SWIFT_VERSION = 4.0;
				TARGETED_DEVICE_FAMILY = "1,2";
				TEST_HOST = "$(BUILT_PRODUCTS_DIR)/CodeChallenge.app/CodeChallenge";
			};
			name = Release;
		};
		3ACB49FC1DC2298D00C873DB /* Debug */ = {
			isa = XCBuildConfiguration;
			buildSettings = {
				ALWAYS_SEARCH_USER_PATHS = NO;
				CLANG_ANALYZER_NONNULL = YES;
				CLANG_CXX_LANGUAGE_STANDARD = "gnu++0x";
				CLANG_CXX_LIBRARY = "libc++";
				CLANG_ENABLE_MODULES = YES;
				CLANG_ENABLE_OBJC_ARC = YES;
				CLANG_WARN_BLOCK_CAPTURE_AUTORELEASING = YES;
				CLANG_WARN_BOOL_CONVERSION = YES;
				CLANG_WARN_COMMA = YES;
				CLANG_WARN_CONSTANT_CONVERSION = YES;
				CLANG_WARN_DIRECT_OBJC_ISA_USAGE = YES_ERROR;
				CLANG_WARN_DOCUMENTATION_COMMENTS = YES;
				CLANG_WARN_EMPTY_BODY = YES;
				CLANG_WARN_ENUM_CONVERSION = YES;
				CLANG_WARN_INFINITE_RECURSION = YES;
				CLANG_WARN_INT_CONVERSION = YES;
				CLANG_WARN_NON_LITERAL_NULL_CONVERSION = YES;
				CLANG_WARN_OBJC_LITERAL_CONVERSION = YES;
				CLANG_WARN_OBJC_ROOT_CLASS = YES_ERROR;
				CLANG_WARN_RANGE_LOOP_ANALYSIS = YES;
				CLANG_WARN_STRICT_PROTOTYPES = YES;
				CLANG_WARN_SUSPICIOUS_MOVE = YES;
				CLANG_WARN_SUSPICIOUS_MOVES = YES;
				CLANG_WARN_UNREACHABLE_CODE = YES;
				CLANG_WARN__DUPLICATE_METHOD_MATCH = YES;
				"CODE_SIGN_IDENTITY[sdk=iphoneos*]" = "iPhone Developer";
				COPY_PHASE_STRIP = NO;
				DEBUG_INFORMATION_FORMAT = dwarf;
				ENABLE_STRICT_OBJC_MSGSEND = YES;
				ENABLE_TESTABILITY = YES;
				GCC_C_LANGUAGE_STANDARD = gnu99;
				GCC_DYNAMIC_NO_PIC = NO;
				GCC_NO_COMMON_BLOCKS = YES;
				GCC_OPTIMIZATION_LEVEL = 0;
				GCC_PREPROCESSOR_DEFINITIONS = (
					"DEBUG=1",
					"$(inherited)",
				);
				GCC_WARN_64_TO_32_BIT_CONVERSION = YES;
				GCC_WARN_ABOUT_RETURN_TYPE = YES_ERROR;
				GCC_WARN_UNDECLARED_SELECTOR = YES;
				GCC_WARN_UNINITIALIZED_AUTOS = YES_AGGRESSIVE;
				GCC_WARN_UNUSED_FUNCTION = YES;
				GCC_WARN_UNUSED_VARIABLE = YES;
				IPHONEOS_DEPLOYMENT_TARGET = 10.1;
				MTL_ENABLE_DEBUG_INFO = YES;
				ONLY_ACTIVE_ARCH = YES;
				SDKROOT = iphoneos;
				SWIFT_ACTIVE_COMPILATION_CONDITIONS = DEBUG;
				SWIFT_OPTIMIZATION_LEVEL = "-Onone";
				TARGETED_DEVICE_FAMILY = "1,2";
			};
			name = Debug;
		};
		3ACB49FD1DC2298D00C873DB /* Release */ = {
			isa = XCBuildConfiguration;
			buildSettings = {
				ALWAYS_SEARCH_USER_PATHS = NO;
				CLANG_ANALYZER_NONNULL = YES;
				CLANG_CXX_LANGUAGE_STANDARD = "gnu++0x";
				CLANG_CXX_LIBRARY = "libc++";
				CLANG_ENABLE_MODULES = YES;
				CLANG_ENABLE_OBJC_ARC = YES;
				CLANG_WARN_BLOCK_CAPTURE_AUTORELEASING = YES;
				CLANG_WARN_BOOL_CONVERSION = YES;
				CLANG_WARN_COMMA = YES;
				CLANG_WARN_CONSTANT_CONVERSION = YES;
				CLANG_WARN_DIRECT_OBJC_ISA_USAGE = YES_ERROR;
				CLANG_WARN_DOCUMENTATION_COMMENTS = YES;
				CLANG_WARN_EMPTY_BODY = YES;
				CLANG_WARN_ENUM_CONVERSION = YES;
				CLANG_WARN_INFINITE_RECURSION = YES;
				CLANG_WARN_INT_CONVERSION = YES;
				CLANG_WARN_NON_LITERAL_NULL_CONVERSION = YES;
				CLANG_WARN_OBJC_LITERAL_CONVERSION = YES;
				CLANG_WARN_OBJC_ROOT_CLASS = YES_ERROR;
				CLANG_WARN_RANGE_LOOP_ANALYSIS = YES;
				CLANG_WARN_STRICT_PROTOTYPES = YES;
				CLANG_WARN_SUSPICIOUS_MOVE = YES;
				CLANG_WARN_SUSPICIOUS_MOVES = YES;
				CLANG_WARN_UNREACHABLE_CODE = YES;
				CLANG_WARN__DUPLICATE_METHOD_MATCH = YES;
				"CODE_SIGN_IDENTITY[sdk=iphoneos*]" = "iPhone Developer";
				COPY_PHASE_STRIP = NO;
				DEBUG_INFORMATION_FORMAT = "dwarf-with-dsym";
				ENABLE_NS_ASSERTIONS = NO;
				ENABLE_STRICT_OBJC_MSGSEND = YES;
				GCC_C_LANGUAGE_STANDARD = gnu99;
				GCC_NO_COMMON_BLOCKS = YES;
				GCC_WARN_64_TO_32_BIT_CONVERSION = YES;
				GCC_WARN_ABOUT_RETURN_TYPE = YES_ERROR;
				GCC_WARN_UNDECLARED_SELECTOR = YES;
				GCC_WARN_UNINITIALIZED_AUTOS = YES_AGGRESSIVE;
				GCC_WARN_UNUSED_FUNCTION = YES;
				GCC_WARN_UNUSED_VARIABLE = YES;
				IPHONEOS_DEPLOYMENT_TARGET = 10.1;
				MTL_ENABLE_DEBUG_INFO = NO;
				SDKROOT = iphoneos;
				SWIFT_OPTIMIZATION_LEVEL = "-Owholemodule";
				TARGETED_DEVICE_FAMILY = "1,2";
				VALIDATE_PRODUCT = YES;
			};
			name = Release;
		};
		3ACB49FF1DC2298D00C873DB /* Debug */ = {
			isa = XCBuildConfiguration;
			baseConfigurationReference = D91F5D95979473A9BAD6EC9E /* Pods-CodeChallenge.debug.xcconfig */;
			buildSettings = {
				ASSETCATALOG_COMPILER_APPICON_NAME = AppIcon;
				CODE_SIGN_STYLE = Manual;
				DEVELOPMENT_TEAM = "";
				INFOPLIST_FILE = CodeChallenge/Info.plist;
				LD_RUNPATH_SEARCH_PATHS = "$(inherited) @executable_path/Frameworks";
				PRODUCT_BUNDLE_IDENTIFIER = com.xyz.CodeChallenge;
				PRODUCT_NAME = "$(TARGET_NAME)";
				PROVISIONING_PROFILE_SPECIFIER = "";
				SWIFT_SWIFT3_OBJC_INFERENCE = On;
				SWIFT_VERSION = 4.0;
			};
			name = Debug;
		};
		3ACB4A001DC2298D00C873DB /* Release */ = {
			isa = XCBuildConfiguration;
			baseConfigurationReference = EA2DBD68FFDC6A0D67B024CE /* Pods-CodeChallenge.release.xcconfig */;
			buildSettings = {
				ASSETCATALOG_COMPILER_APPICON_NAME = AppIcon;
				CODE_SIGN_STYLE = Manual;
				DEVELOPMENT_TEAM = "";
				INFOPLIST_FILE = CodeChallenge/Info.plist;
				LD_RUNPATH_SEARCH_PATHS = "$(inherited) @executable_path/Frameworks";
				PRODUCT_BUNDLE_IDENTIFIER = com.xyz.CodeChallenge;
				PRODUCT_NAME = "$(TARGET_NAME)";
				PROVISIONING_PROFILE_SPECIFIER = "";
				SWIFT_SWIFT3_OBJC_INFERENCE = On;
				SWIFT_VERSION = 4.0;
			};
			name = Release;
		};
/* End XCBuildConfiguration section */

/* Begin XCConfigurationList section */
		3AA371E02067EB7400FBB61C /* Build configuration list for PBXNativeTarget "CodeChallengeTests" */ = {
			isa = XCConfigurationList;
			buildConfigurations = (
				3AA371DE2067EB7400FBB61C /* Debug */,
				3AA371DF2067EB7400FBB61C /* Release */,
			);
			defaultConfigurationIsVisible = 0;
			defaultConfigurationName = Release;
		};
		3ACB49E71DC2298D00C873DB /* Build configuration list for PBXProject "CodeChallenge" */ = {
			isa = XCConfigurationList;
			buildConfigurations = (
				3ACB49FC1DC2298D00C873DB /* Debug */,
				3ACB49FD1DC2298D00C873DB /* Release */,
			);
			defaultConfigurationIsVisible = 0;
			defaultConfigurationName = Release;
		};
		3ACB49FE1DC2298D00C873DB /* Build configuration list for PBXNativeTarget "CodeChallenge" */ = {
			isa = XCConfigurationList;
			buildConfigurations = (
				3ACB49FF1DC2298D00C873DB /* Debug */,
				3ACB4A001DC2298D00C873DB /* Release */,
			);
			defaultConfigurationIsVisible = 0;
			defaultConfigurationName = Release;
		};
/* End XCConfigurationList section */
	};
	rootObject = 3ACB49E41DC2298D00C873DB /* Project object */;
}
